
Microsoft Visual Studio Solution File, Format Version 12.00
# Visual Studio 15
Project("{FAE04EC0-301F-11D3-BF4B-00C04F79EFBC}") = "WоrkingWithVisualStudio", "WоrkingWithVisualStudio.csproj", "{2852B4D1-613A-4FC6-85C0-3D8CB84E28DC}"
EndProject
Project("{FAE04EC0-301F-11D3-BF4B-00C04F79EFBC}") = "WorkingWithVisualStudio.Tests", "WorkingWithVisualStudio.Tests\WorkingWithVisualStudio.Tests.csproj", "{3B098CEE-B8B8-43B4-B46C-D1C8247EE7B8}"
EndProject
Global
	GlobalSection(SolutionConfigurationPlatforms) = preSolution
		Debug|Any CPU = Debug|Any CPU
		Release|Any CPU = Release|Any CPU
	EndGlobalSection
	GlobalSection(ProjectConfigurationPlatforms) = postSolution
		{2852B4D1-613A-4FC6-85C0-3D8CB84E28DC}.Debug|Any CPU.ActiveCfg = Debug|Any CPU
		{2852B4D1-613A-4FC6-85C0-3D8CB84E28DC}.Debug|Any CPU.Build.0 = Debug|Any CPU
		{2852B4D1-613A-4FC6-85C0-3D8CB84E28DC}.Release|Any CPU.ActiveCfg = Release|Any CPU
		{2852B4D1-613A-4FC6-85C0-3D8CB84E28DC}.Release|Any CPU.Build.0 = Release|Any CPU
		{3B098CEE-B8B8-43B4-B46C-D1C8247EE7B8}.Debug|Any CPU.ActiveCfg = Debug|Any CPU
		{3B098CEE-B8B8-43B4-B46C-D1C8247EE7B8}.Debug|Any CPU.Build.0 = Debug|Any CPU
		{3B098CEE-B8B8-43B4-B46C-D1C8247EE7B8}.Release|Any CPU.ActiveCfg = Release|Any CPU
		{3B098CEE-B8B8-43B4-B46C-D1C8247EE7B8}.Release|Any CPU.Build.0 = Release|Any CPU
	EndGlobalSection
	GlobalSection(MonoDevelopProperties) = preSolution
		Policies = $0
		$0.DotNetNamingPolicy = $1
		$1.DirectoryNamespaceAssociation = PrefixedHierarchical
		$1.ResourceNamePolicy = MSBuild
	EndGlobalSection
EndGlobal
